
Microsoft Visual Studio Solution File, Format Version 12.00
# Visual Studio Version 17
VisualStudioVersion = 17.10.35027.167
MinimumVisualStudioVersion = 10.0.40219.1
Project("{FAE04EC0-301F-11D3-BF4B-00C04F79EFBC}") = "Survays_2024", "Survays_2024\Survays_2024.csproj", "{FDA41E7D-D6B9-45CE-A631-11BAE4AAE797}"
EndProject
Global
	GlobalSection(SolutionConfigurationPlatforms) = preSolution
		Debug|Any CPU = Debug|Any CPU
		Release|Any CPU = Release|Any CPU
	EndGlobalSection
	GlobalSection(ProjectConfigurationPlatforms) = postSolution
		{FDA41E7D-D6B9-45CE-A631-11BAE4AAE797}.Debug|Any CPU.ActiveCfg = Debug|Any CPU
		{FDA41E7D-D6B9-45CE-A631-11BAE4AAE797}.Debug|Any CPU.Build.0 = Debug|Any CPU
		{FDA41E7D-D6B9-45CE-A631-11BAE4AAE797}.Release|Any CPU.ActiveCfg = Release|Any CPU
		{FDA41E7D-D6B9-45CE-A631-11BAE4AAE797}.Release|Any CPU.Build.0 = Release|Any CPU
	EndGlobalSection
	GlobalSection(SolutionProperties) = preSolution
		HideSolutionNode = FALSE
	EndGlobalSection
	GlobalSection(ExtensibilityGlobals) = postSolution
		SolutionGuid = {D5AB58A7-E3DE-4406-8FE1-DE18B55E7571}
	EndGlobalSection
EndGlobal
